{
  "name": "sails-flash",
  "version": "0.0.0",
  "lockfileVersion": 3,
  "requires": true,
  "packages": {
    "": {
      "name": "sails-flash",
      "version": "0.0.0",
      "license": "MIT",
      "dependencies": {
        "connect-flash": "^0.1.1"
      }
    },
    "node_modules/connect-flash": {
      "version": "0.1.1",
      "resolved": "https://registry.npmjs.org/connect-flash/-/connect-flash-0.1.1.tgz",
      "integrity": "sha512-2rcfELQt/ZMP+SM/pG8PyhJRaLKp+6Hk2IUBNkEit09X+vwn3QsAL3ZbYtxUn7NVPzbMTSLRDhqe0B/eh30RYA==",
      "engines": {
        "node": ">= 0.4.0"
      }
    }
  }
}
